{
  "name": "spessasynth_lib",
  "version": "3.26.5",
  "lockfileVersion": 3,
  "requires": true,
  "packages": {
    "": {
      "name": "spessasynth_lib",
      "version": "3.26.5",
      "license": "Apache-2.0",
      "dependencies": {
        "spessasynth_core": "latest"
      }
    },
    "node_modules/spessasynth_core": {
      "version": "3.26.2",
      "resolved": "https://registry.npmjs.org/spessasynth_core/-/spessasynth_core-3.26.2.tgz",
      "integrity": "sha512-eaPgbrM0VdyEnUXDh5ElT6Sj/gGRXbWHlWJ7KchWo6wNCSQe//a4qDsUANX1fL+8zAOIBN5ZBBccCK4mnkX20Q==",
      "license": "Apache-2.0"
    }
  }
}
