{
  "name": "spessasynth_lib",
  "version": "3.26.7",
  "lockfileVersion": 3,
  "requires": true,
  "packages": {
    "": {
      "name": "spessasynth_lib",
      "version": "3.26.7",
      "license": "Apache-2.0",
      "dependencies": {
        "spessasynth_core": "latest"
      }
    },
    "node_modules/spessasynth_core": {
      "version": "3.26.4",
      "resolved": "https://registry.npmjs.org/spessasynth_core/-/spessasynth_core-3.26.4.tgz",
      "integrity": "sha512-7r0b1XA14HL9SraFhLn59XVzlb7BmDldHp4hmC5Ok9hEbGiBqs0dqxH/jnF7GAU0yrZad72//z6aD/d6UsH2ZQ==",
      "license": "Apache-2.0"
    }
  }
}
