{
  "name": "spessasynth_lib",
  "version": "3.26.4",
  "lockfileVersion": 3,
  "requires": true,
  "packages": {
    "": {
      "name": "spessasynth_lib",
      "version": "3.26.4",
      "license": "Apache-2.0",
      "dependencies": {
        "spessasynth_core": "latest"
      }
    },
    "node_modules/spessasynth_core": {
      "version": "3.26.1",
      "resolved": "https://registry.npmjs.org/spessasynth_core/-/spessasynth_core-3.26.1.tgz",
      "integrity": "sha512-V9N6vQyxXprkpdmX8TQAxHXPJJmWngtPmrrY74O/1+Peu9N44sHw5uiBz1pwioguw62rTFcV1+G7VugoM0jpoQ==",
      "license": "Apache-2.0"
    }
  }
}
